
Microsoft Visual Studio Solution File, Format Version 12.00
# Visual Studio 14
VisualStudioVersion = 14.0.23107.0
MinimumVisualStudioVersion = 10.0.40219.1
Project("{FAE04EC0-301F-11D3-BF4B-00C04F79EFBC}") = "Task1", "Task1\Task1.csproj", "{B0E38D29-8321-4645-9FBB-7454558DBA3D}"
EndProject
Project("{FAE04EC0-301F-11D3-BF4B-00C04F79EFBC}") = "Task1Tests", "Task1Tests\Task1Tests.csproj", "{CE783339-C348-48F9-8B47-B38BE11F4688}"
EndProject
Global
	GlobalSection(SolutionConfigurationPlatforms) = preSolution
		Debug|Any CPU = Debug|Any CPU
		Release|Any CPU = Release|Any CPU
	EndGlobalSection
	GlobalSection(ProjectConfigurationPlatforms) = postSolution
		{B0E38D29-8321-4645-9FBB-7454558DBA3D}.Debug|Any CPU.ActiveCfg = Debug|Any CPU
		{B0E38D29-8321-4645-9FBB-7454558DBA3D}.Debug|Any CPU.Build.0 = Debug|Any CPU
		{B0E38D29-8321-4645-9FBB-7454558DBA3D}.Release|Any CPU.ActiveCfg = Release|Any CPU
		{B0E38D29-8321-4645-9FBB-7454558DBA3D}.Release|Any CPU.Build.0 = Release|Any CPU
		{CE783339-C348-48F9-8B47-B38BE11F4688}.Debug|Any CPU.ActiveCfg = Debug|Any CPU
		{CE783339-C348-48F9-8B47-B38BE11F4688}.Debug|Any CPU.Build.0 = Debug|Any CPU
		{CE783339-C348-48F9-8B47-B38BE11F4688}.Release|Any CPU.ActiveCfg = Release|Any CPU
		{CE783339-C348-48F9-8B47-B38BE11F4688}.Release|Any CPU.Build.0 = Release|Any CPU
	EndGlobalSection
	GlobalSection(SolutionProperties) = preSolution
		HideSolutionNode = FALSE
	EndGlobalSection
EndGlobal
